
Microsoft Visual Studio Solution File, Format Version 12.00
# Visual Studio 14
VisualStudioVersion = 14.0.25420.1
MinimumVisualStudioVersion = 10.0.40219.1
Project("{2150E333-8FDC-42A3-9474-1A3956D46DE8}") = "src", "src", "{EC993365-78AD-4B99-8C08-C5B5285074F4}"
EndProject
Project("{2150E333-8FDC-42A3-9474-1A3956D46DE8}") = "Solution Items", "Solution Items", "{1D80C0F1-2A82-483E-BC7A-2A97414BDD6E}"
	ProjectSection(SolutionItems) = preProject
		global.json = global.json
	EndProjectSection
EndProject
Project("{8BB2217D-0F2D-49D1-97BC-3654ED321F3B}") = "CFWS.MoeNitro.Label", "src\CFWS.MoeNitro.Label\CFWS.MoeNitro.Label.xproj", "{A6170FAD-FEF7-4176-BC0F-61E13592A5A1}"
EndProject
Global
	GlobalSection(SolutionConfigurationPlatforms) = preSolution
		Debug|Any CPU = Debug|Any CPU
		Release|Any CPU = Release|Any CPU
	EndGlobalSection
	GlobalSection(ProjectConfigurationPlatforms) = postSolution
		{A6170FAD-FEF7-4176-BC0F-61E13592A5A1}.Debug|Any CPU.ActiveCfg = Debug|Any CPU
		{A6170FAD-FEF7-4176-BC0F-61E13592A5A1}.Debug|Any CPU.Build.0 = Debug|Any CPU
		{A6170FAD-FEF7-4176-BC0F-61E13592A5A1}.Release|Any CPU.ActiveCfg = Release|Any CPU
		{A6170FAD-FEF7-4176-BC0F-61E13592A5A1}.Release|Any CPU.Build.0 = Release|Any CPU
	EndGlobalSection
	GlobalSection(SolutionProperties) = preSolution
		HideSolutionNode = FALSE
	EndGlobalSection
	GlobalSection(NestedProjects) = preSolution
		{A6170FAD-FEF7-4176-BC0F-61E13592A5A1} = {EC993365-78AD-4B99-8C08-C5B5285074F4}
	EndGlobalSection
EndGlobal
